
Microsoft Visual Studio Solution File, Format Version 12.00
# Visual Studio 15
VisualStudioVersion = 15.0.28010.2048
MinimumVisualStudioVersion = 10.0.40219.1
Project("{FAE04EC0-301F-11D3-BF4B-00C04F79EFBC}") = "WebScanner-api", "WebScanner-api\WebScanner-api.csproj", "{22E03703-908C-4BA4-AA5F-B00D0C6B961C}"
EndProject
Global
	GlobalSection(SolutionConfigurationPlatforms) = preSolution
		Debug|Any CPU = Debug|Any CPU
		Release|Any CPU = Release|Any CPU
	EndGlobalSection
	GlobalSection(ProjectConfigurationPlatforms) = postSolution
		{22E03703-908C-4BA4-AA5F-B00D0C6B961C}.Debug|Any CPU.ActiveCfg = Debug|Any CPU
		{22E03703-908C-4BA4-AA5F-B00D0C6B961C}.Debug|Any CPU.Build.0 = Debug|Any CPU
		{22E03703-908C-4BA4-AA5F-B00D0C6B961C}.Release|Any CPU.ActiveCfg = Release|Any CPU
		{22E03703-908C-4BA4-AA5F-B00D0C6B961C}.Release|Any CPU.Build.0 = Release|Any CPU
	EndGlobalSection
	GlobalSection(SolutionProperties) = preSolution
		HideSolutionNode = FALSE
	EndGlobalSection
	GlobalSection(ExtensibilityGlobals) = postSolution
		SolutionGuid = {9ABEB4EA-5363-40CB-ACF6-19ABAF1A157E}
	EndGlobalSection
EndGlobal
